
Microsoft Visual Studio Solution File, Format Version 12.00
# Visual Studio 2013
VisualStudioVersion = 12.0.31101.0
MinimumVisualStudioVersion = 10.0.40219.1
Project("{FAE04EC0-301F-11D3-BF4B-00C04F79EFBC}") = "VehicleChecking", "VehicleChecking\VehicleChecking.csproj", "{CB39144C-8258-4791-A8C6-2B8F8C090A5A}"
EndProject
Project("{2150E333-8FDC-42A3-9474-1A3956D46DE8}") = "x86", "x86", "{8CFA535B-2B86-4068-9D42-ECCC20AE42BC}"
	ProjectSection(SolutionItems) = preProject
		VehicleChecking\bin\x86\Debug\blacklist.json = VehicleChecking\bin\x86\Debug\blacklist.json
		VehicleChecking\bin\x86\Debug\BlackList.mdf = VehicleChecking\bin\x86\Debug\BlackList.mdf
		VehicleChecking\bin\x86\Debug\BlackList_log.ldf = VehicleChecking\bin\x86\Debug\BlackList_log.ldf
		VehicleChecking\bin\x86\Debug\bp_cmd.dll = VehicleChecking\bin\x86\Debug\bp_cmd.dll
		VehicleChecking\bin\x86\Debug\bp_commu.dll = VehicleChecking\bin\x86\Debug\bp_commu.dll
		VehicleChecking\bin\x86\Debug\bp_dao.dll = VehicleChecking\bin\x86\Debug\bp_dao.dll
		VehicleChecking\bin\x86\Debug\bp_dbif.dll = VehicleChecking\bin\x86\Debug\bp_dbif.dll
		VehicleChecking\bin\x86\Debug\bp_dm.dll = VehicleChecking\bin\x86\Debug\bp_dm.dll
		VehicleChecking\bin\x86\Debug\bp_log.dll = VehicleChecking\bin\x86\Debug\bp_log.dll
		VehicleChecking\bin\x86\Debug\bp_stream.dll = VehicleChecking\bin\x86\Debug\bp_stream.dll
		VehicleChecking\bin\x86\Debug\bp_system.dll = VehicleChecking\bin\x86\Debug\bp_system.dll
		VehicleChecking\bin\x86\Debug\bp_util.dll = VehicleChecking\bin\x86\Debug\bp_util.dll
		VehicleChecking\bin\x86\Debug\cc_common.dll = VehicleChecking\bin\x86\Debug\cc_common.dll
		VehicleChecking\bin\x86\Debug\cc_gm.dll = VehicleChecking\bin\x86\Debug\cc_gm.dll
		VehicleChecking\bin\x86\Debug\cc_im.dll = VehicleChecking\bin\x86\Debug\cc_im.dll
		VehicleChecking\bin\x86\Debug\cc_init.dll = VehicleChecking\bin\x86\Debug\cc_init.dll
		VehicleChecking\bin\x86\Debug\cc_nm.dll = VehicleChecking\bin\x86\Debug\cc_nm.dll
		VehicleChecking\bin\x86\Debug\cc_po.dll = VehicleChecking\bin\x86\Debug\cc_po.dll
		VehicleChecking\bin\x86\Debug\cc_qm.dll = VehicleChecking\bin\x86\Debug\cc_qm.dll
		VehicleChecking\bin\x86\Debug\cc_rm.dll = VehicleChecking\bin\x86\Debug\cc_rm.dll
		VehicleChecking\bin\x86\Debug\cc_rt.dll = VehicleChecking\bin\x86\Debug\cc_rt.dll
		VehicleChecking\bin\x86\Debug\cc_rtspadpt.dll = VehicleChecking\bin\x86\Debug\cc_rtspadpt.dll
		VehicleChecking\bin\x86\Debug\cc_sipadpt.dll = VehicleChecking\bin\x86\Debug\cc_sipadpt.dll
		VehicleChecking\bin\x86\Debug\cc_sm.dll = VehicleChecking\bin\x86\Debug\cc_sm.dll
		VehicleChecking\bin\x86\Debug\cppasn1.dll = VehicleChecking\bin\x86\Debug\cppasn1.dll
		VehicleChecking\bin\x86\Debug\dsp_audio_aac.dll = VehicleChecking\bin\x86\Debug\dsp_audio_aac.dll
		VehicleChecking\bin\x86\Debug\dsp_audio_aac_enc.dll = VehicleChecking\bin\x86\Debug\dsp_audio_aac_enc.dll
		VehicleChecking\bin\x86\Debug\dsp_audio_g711.dll = VehicleChecking\bin\x86\Debug\dsp_audio_g711.dll
		VehicleChecking\bin\x86\Debug\dsp_h264_enc.dll = VehicleChecking\bin\x86\Debug\dsp_h264_enc.dll
		VehicleChecking\bin\x86\Debug\dsp_image_convert.dll = VehicleChecking\bin\x86\Debug\dsp_image_convert.dll
		VehicleChecking\bin\x86\Debug\dsp_rtplay.dll = VehicleChecking\bin\x86\Debug\dsp_rtplay.dll
		VehicleChecking\bin\x86\Debug\dsp_stitch.dll = VehicleChecking\bin\x86\Debug\dsp_stitch.dll
		VehicleChecking\bin\x86\Debug\dsp_video_filter.dll = VehicleChecking\bin\x86\Debug\dsp_video_filter.dll
		VehicleChecking\bin\x86\Debug\dsp_video_h264.dll = VehicleChecking\bin\x86\Debug\dsp_video_h264.dll
		VehicleChecking\bin\x86\Debug\dsp_video_mjpeg.dll = VehicleChecking\bin\x86\Debug\dsp_video_mjpeg.dll
		VehicleChecking\bin\x86\Debug\dsp_video_mpeg2.dll = VehicleChecking\bin\x86\Debug\dsp_video_mpeg2.dll
		VehicleChecking\bin\x86\Debug\dsp_video_mpeg4.dll = VehicleChecking\bin\x86\Debug\dsp_video_mpeg4.dll
		VehicleChecking\bin\x86\Debug\FiltersConf.xml = VehicleChecking\bin\x86\Debug\FiltersConf.xml
		VehicleChecking\bin\x86\Debug\ImageCombine.dll = VehicleChecking\bin\x86\Debug\ImageCombine.dll
		VehicleChecking\bin\x86\Debug\imf.dll = VehicleChecking\bin\x86\Debug\imf.dll
		VehicleChecking\bin\x86\Debug\imos_ace.dll = VehicleChecking\bin\x86\Debug\imos_ace.dll
		VehicleChecking\bin\x86\Debug\imos_mdp.dll = VehicleChecking\bin\x86\Debug\imos_mdp.dll
		VehicleChecking\bin\x86\Debug\imos_sdk.dll = VehicleChecking\bin\x86\Debug\imos_sdk.dll
		VehicleChecking\bin\x86\Debug\imos_sdp.dll = VehicleChecking\bin\x86\Debug\imos_sdp.dll
		VehicleChecking\bin\x86\Debug\imos_ts.dll = VehicleChecking\bin\x86\Debug\imos_ts.dll
		VehicleChecking\bin\x86\Debug\imos_tucl.dll = VehicleChecking\bin\x86\Debug\imos_tucl.dll
		VehicleChecking\bin\x86\Debug\imosproxy.exe = VehicleChecking\bin\x86\Debug\imosproxy.exe
		VehicleChecking\bin\x86\Debug\libcurl.dll = VehicleChecking\bin\x86\Debug\libcurl.dll
		VehicleChecking\bin\x86\Debug\libdsplpr.dll = VehicleChecking\bin\x86\Debug\libdsplpr.dll
		VehicleChecking\bin\x86\Debug\libiconv-2.dll = VehicleChecking\bin\x86\Debug\libiconv-2.dll
		VehicleChecking\bin\x86\Debug\libxml_XP.dll = VehicleChecking\bin\x86\Debug\libxml_XP.dll
		VehicleChecking\bin\x86\Debug\log4net.dll = VehicleChecking\bin\x86\Debug\log4net.dll
		VehicleChecking\bin\x86\Debug\MPPV3_PicPostProc.dll = VehicleChecking\bin\x86\Debug\MPPV3_PicPostProc.dll
		VehicleChecking\bin\x86\Debug\Newtonsoft.Json.dll = VehicleChecking\bin\x86\Debug\Newtonsoft.Json.dll
		VehicleChecking\bin\x86\Debug\ProtocolConf.xml = VehicleChecking\bin\x86\Debug\ProtocolConf.xml
		VehicleChecking\bin\x86\Debug\ResistLostPktConf.xml = VehicleChecking\bin\x86\Debug\ResistLostPktConf.xml
		VehicleChecking\bin\x86\Debug\setting.cofing = VehicleChecking\bin\x86\Debug\setting.cofing
		VehicleChecking\bin\x86\Debug\VehicleChecking.application = VehicleChecking\bin\x86\Debug\VehicleChecking.application
		VehicleChecking\bin\x86\Debug\VehicleChecking.exe = VehicleChecking\bin\x86\Debug\VehicleChecking.exe
		VehicleChecking\bin\x86\Debug\VehicleChecking.exe.config = VehicleChecking\bin\x86\Debug\VehicleChecking.exe.config
		VehicleChecking\bin\x86\Debug\VehicleChecking.exe.manifest = VehicleChecking\bin\x86\Debug\VehicleChecking.exe.manifest
		VehicleChecking\bin\x86\Debug\VehicleChecking.pdb = VehicleChecking\bin\x86\Debug\VehicleChecking.pdb
		VehicleChecking\bin\x86\Debug\VehicleChecking.vshost.application = VehicleChecking\bin\x86\Debug\VehicleChecking.vshost.application
		VehicleChecking\bin\x86\Debug\VehicleChecking.vshost.exe = VehicleChecking\bin\x86\Debug\VehicleChecking.vshost.exe
		VehicleChecking\bin\x86\Debug\VehicleChecking.vshost.exe.config = VehicleChecking\bin\x86\Debug\VehicleChecking.vshost.exe.config
		VehicleChecking\bin\x86\Debug\VehicleChecking.vshost.exe.manifest = VehicleChecking\bin\x86\Debug\VehicleChecking.vshost.exe.manifest
		VehicleChecking\bin\x86\Debug\xp_alec_stream.dll = VehicleChecking\bin\x86\Debug\xp_alec_stream.dll
		VehicleChecking\bin\x86\Debug\xp_anhui.dll = VehicleChecking\bin\x86\Debug\xp_anhui.dll
		VehicleChecking\bin\x86\Debug\xp_cc_rt.dll = VehicleChecking\bin\x86\Debug\xp_cc_rt.dll
		VehicleChecking\bin\x86\Debug\xp_common.dll = VehicleChecking\bin\x86\Debug\xp_common.dll
		VehicleChecking\bin\x86\Debug\xp_dahua_file.dll = VehicleChecking\bin\x86\Debug\xp_dahua_file.dll
		VehicleChecking\bin\x86\Debug\xp_dahua_file_dav.dll = VehicleChecking\bin\x86\Debug\xp_dahua_file_dav.dll
		VehicleChecking\bin\x86\Debug\xp_dahua_stream.dll = VehicleChecking\bin\x86\Debug\xp_dahua_stream.dll
		VehicleChecking\bin\x86\Debug\xp_dahua_stream_sdc.dll = VehicleChecking\bin\x86\Debug\xp_dahua_stream_sdc.dll
		VehicleChecking\bin\x86\Debug\xp_db33_filter.dll = VehicleChecking\bin\x86\Debug\xp_db33_filter.dll
		VehicleChecking\bin\x86\Debug\xp_decoder_hxht.dll = VehicleChecking\bin\x86\Debug\xp_decoder_hxht.dll
		VehicleChecking\bin\x86\Debug\xp_default_file_source.dll = VehicleChecking\bin\x86\Debug\xp_default_file_source.dll
		VehicleChecking\bin\x86\Debug\xp_dma_file.dll = VehicleChecking\bin\x86\Debug\xp_dma_file.dll
		VehicleChecking\bin\x86\Debug\xp_dma_stream.dll = VehicleChecking\bin\x86\Debug\xp_dma_stream.dll
		VehicleChecking\bin\x86\Debug\xp_dsp.dll = VehicleChecking\bin\x86\Debug\xp_dsp.dll
		VehicleChecking\bin\x86\Debug\xp_dsp_realtime.dll = VehicleChecking\bin\x86\Debug\xp_dsp_realtime.dll
		VehicleChecking\bin\x86\Debug\xp_enc_avi.dll = VehicleChecking\bin\x86\Debug\xp_enc_avi.dll
		VehicleChecking\bin\x86\Debug\xp_ffmpeg_file.dll = VehicleChecking\bin\x86\Debug\xp_ffmpeg_file.dll
		VehicleChecking\bin\x86\Debug\xp_frame.dll = VehicleChecking\bin\x86\Debug\xp_frame.dll
		VehicleChecking\bin\x86\Debug\xp_hik_file.dll = VehicleChecking\bin\x86\Debug\xp_hik_file.dll
		VehicleChecking\bin\x86\Debug\xp_hik_stream.dll = VehicleChecking\bin\x86\Debug\xp_hik_stream.dll
		VehicleChecking\bin\x86\Debug\xp_hik_stream_sdc.dll = VehicleChecking\bin\x86\Debug\xp_hik_stream_sdc.dll
		VehicleChecking\bin\x86\Debug\xp_image_source.dll = VehicleChecking\bin\x86\Debug\xp_image_source.dll
		VehicleChecking\bin\x86\Debug\xp_imos_filter.dll = VehicleChecking\bin\x86\Debug\xp_imos_filter.dll
		VehicleChecking\bin\x86\Debug\xp_keda_stream.dll = VehicleChecking\bin\x86\Debug\xp_keda_stream.dll
		VehicleChecking\bin\x86\Debug\xp_mobotix_realtime.dll = VehicleChecking\bin\x86\Debug\xp_mobotix_realtime.dll
		VehicleChecking\bin\x86\Debug\xp_mp2.dll = VehicleChecking\bin\x86\Debug\xp_mp2.dll
		VehicleChecking\bin\x86\Debug\xp_msg_dispatch.dll = VehicleChecking\bin\x86\Debug\xp_msg_dispatch.dll
		VehicleChecking\bin\x86\Debug\xp_net_source.dll = VehicleChecking\bin\x86\Debug\xp_net_source.dll
		VehicleChecking\bin\x86\Debug\xp_nz_filter.dll = VehicleChecking\bin\x86\Debug\xp_nz_filter.dll
		VehicleChecking\bin\x86\Debug\xp_parser_h3cv1.dll = VehicleChecking\bin\x86\Debug\xp_parser_h3cv1.dll
		VehicleChecking\bin\x86\Debug\xp_parser_ps.dll = VehicleChecking\bin\x86\Debug\xp_parser_ps.dll
		VehicleChecking\bin\x86\Debug\xp_parser_rfc3984.dll = VehicleChecking\bin\x86\Debug\xp_parser_rfc3984.dll
		VehicleChecking\bin\x86\Debug\xp_player.dll = VehicleChecking\bin\x86\Debug\xp_player.dll
		VehicleChecking\bin\x86\Debug\xp_rm_stream.dll = VehicleChecking\bin\x86\Debug\xp_rm_stream.dll
		VehicleChecking\bin\x86\Debug\xp_rtsp.dll = VehicleChecking\bin\x86\Debug\xp_rtsp.dll
		VehicleChecking\bin\x86\Debug\xp_sip.dll = VehicleChecking\bin\x86\Debug\xp_sip.dll
		VehicleChecking\bin\x86\Debug\xp_stream_process.dll = VehicleChecking\bin\x86\Debug\xp_stream_process.dll
		VehicleChecking\bin\x86\Debug\xp_tcp_source.dll = VehicleChecking\bin\x86\Debug\xp_tcp_source.dll
		VehicleChecking\bin\x86\Debug\xp_tdwy_file.dll = VehicleChecking\bin\x86\Debug\xp_tdwy_file.dll
		VehicleChecking\bin\x86\Debug\xp_tdwy_stream.dll = VehicleChecking\bin\x86\Debug\xp_tdwy_stream.dll
		VehicleChecking\bin\x86\Debug\xp_thirdpart_bk_file_source.dll = VehicleChecking\bin\x86\Debug\xp_thirdpart_bk_file_source.dll
		VehicleChecking\bin\x86\Debug\xp_tiandy_stream.dll = VehicleChecking\bin\x86\Debug\xp_tiandy_stream.dll
		VehicleChecking\bin\x86\Debug\xp_ts_file_source.dll = VehicleChecking\bin\x86\Debug\xp_ts_file_source.dll
		VehicleChecking\bin\x86\Debug\xp_ts_input_source.dll = VehicleChecking\bin\x86\Debug\xp_ts_input_source.dll
		VehicleChecking\bin\x86\Debug\xp_wave.dll = VehicleChecking\bin\x86\Debug\xp_wave.dll
	EndProjectSection
EndProject
Global
	GlobalSection(SolutionConfigurationPlatforms) = preSolution
		CD_ROM|Any CPU = CD_ROM|Any CPU
		CD_ROM|x86 = CD_ROM|x86
		Debug|Any CPU = Debug|Any CPU
		Debug|x86 = Debug|x86
		DVD-5|Any CPU = DVD-5|Any CPU
		DVD-5|x86 = DVD-5|x86
		Release|Any CPU = Release|Any CPU
		Release|x86 = Release|x86
		SingleImage|Any CPU = SingleImage|Any CPU
		SingleImage|x86 = SingleImage|x86
	EndGlobalSection
	GlobalSection(ProjectConfigurationPlatforms) = postSolution
		{CB39144C-8258-4791-A8C6-2B8F8C090A5A}.CD_ROM|Any CPU.ActiveCfg = Release|Any CPU
		{CB39144C-8258-4791-A8C6-2B8F8C090A5A}.CD_ROM|Any CPU.Build.0 = Release|Any CPU
		{CB39144C-8258-4791-A8C6-2B8F8C090A5A}.CD_ROM|x86.ActiveCfg = Release|x86
		{CB39144C-8258-4791-A8C6-2B8F8C090A5A}.CD_ROM|x86.Build.0 = Release|x86
		{CB39144C-8258-4791-A8C6-2B8F8C090A5A}.Debug|Any CPU.ActiveCfg = Debug|Any CPU
		{CB39144C-8258-4791-A8C6-2B8F8C090A5A}.Debug|Any CPU.Build.0 = Debug|Any CPU
		{CB39144C-8258-4791-A8C6-2B8F8C090A5A}.Debug|x86.ActiveCfg = Debug|x86
		{CB39144C-8258-4791-A8C6-2B8F8C090A5A}.Debug|x86.Build.0 = Debug|x86
		{CB39144C-8258-4791-A8C6-2B8F8C090A5A}.DVD-5|Any CPU.ActiveCfg = Debug|Any CPU
		{CB39144C-8258-4791-A8C6-2B8F8C090A5A}.DVD-5|Any CPU.Build.0 = Debug|Any CPU
		{CB39144C-8258-4791-A8C6-2B8F8C090A5A}.DVD-5|x86.ActiveCfg = Debug|x86
		{CB39144C-8258-4791-A8C6-2B8F8C090A5A}.DVD-5|x86.Build.0 = Debug|x86
		{CB39144C-8258-4791-A8C6-2B8F8C090A5A}.Release|Any CPU.ActiveCfg = Release|Any CPU
		{CB39144C-8258-4791-A8C6-2B8F8C090A5A}.Release|Any CPU.Build.0 = Release|Any CPU
		{CB39144C-8258-4791-A8C6-2B8F8C090A5A}.Release|x86.ActiveCfg = Release|x86
		{CB39144C-8258-4791-A8C6-2B8F8C090A5A}.Release|x86.Build.0 = Release|x86
		{CB39144C-8258-4791-A8C6-2B8F8C090A5A}.SingleImage|Any CPU.ActiveCfg = Release|Any CPU
		{CB39144C-8258-4791-A8C6-2B8F8C090A5A}.SingleImage|Any CPU.Build.0 = Release|Any CPU
		{CB39144C-8258-4791-A8C6-2B8F8C090A5A}.SingleImage|x86.ActiveCfg = Release|x86
		{CB39144C-8258-4791-A8C6-2B8F8C090A5A}.SingleImage|x86.Build.0 = Release|x86
	EndGlobalSection
	GlobalSection(SolutionProperties) = preSolution
		HideSolutionNode = FALSE
	EndGlobalSection
EndGlobal
